
Microsoft Visual Studio Solution File, Format Version 12.00
# Visual Studio Version 16
VisualStudioVersion = 16.0.29306.81
MinimumVisualStudioVersion = 10.0.40219.1
Project("{FAE04EC0-301F-11D3-BF4B-00C04F79EFBC}") = "FirstMVCProject", "FirstMVCProject.csproj", "{44365BB2-62E9-4362-BAAB-60CE57CE15CB}"
EndProject
Global
	GlobalSection(SolutionConfigurationPlatforms) = preSolution
		Debug|Any CPU = Debug|Any CPU
		Release|Any CPU = Release|Any CPU
	EndGlobalSection
	GlobalSection(ProjectConfigurationPlatforms) = postSolution
		{44365BB2-62E9-4362-BAAB-60CE57CE15CB}.Debug|Any CPU.ActiveCfg = Debug|Any CPU
		{44365BB2-62E9-4362-BAAB-60CE57CE15CB}.Debug|Any CPU.Build.0 = Debug|Any CPU
		{44365BB2-62E9-4362-BAAB-60CE57CE15CB}.Release|Any CPU.ActiveCfg = Release|Any CPU
		{44365BB2-62E9-4362-BAAB-60CE57CE15CB}.Release|Any CPU.Build.0 = Release|Any CPU
	EndGlobalSection
	GlobalSection(SolutionProperties) = preSolution
		HideSolutionNode = FALSE
	EndGlobalSection
	GlobalSection(ExtensibilityGlobals) = postSolution
		SolutionGuid = {E61E8610-0DF3-431A-B1C6-D014B98896C9}
	EndGlobalSection
EndGlobal
